
Microsoft Visual Studio Solution File, Format Version 12.00
# Visual Studio Version 16
VisualStudioVersion = 16.0.29102.190
MinimumVisualStudioVersion = 10.0.40219.1
Project("{FAE04EC0-301F-11D3-BF4B-00C04F79EFBC}") = "ForLoopProject", "ForLoopProject\ForLoopProject.csproj", "{A8B46EF6-8876-4E3A-8B71-49DC3F89EA17}"
EndProject
Global
	GlobalSection(SolutionConfigurationPlatforms) = preSolution
		Debug|Any CPU = Debug|Any CPU
		Release|Any CPU = Release|Any CPU
	EndGlobalSection
	GlobalSection(ProjectConfigurationPlatforms) = postSolution
		{A8B46EF6-8876-4E3A-8B71-49DC3F89EA17}.Debug|Any CPU.ActiveCfg = Debug|Any CPU
		{A8B46EF6-8876-4E3A-8B71-49DC3F89EA17}.Debug|Any CPU.Build.0 = Debug|Any CPU
		{A8B46EF6-8876-4E3A-8B71-49DC3F89EA17}.Release|Any CPU.ActiveCfg = Release|Any CPU
		{A8B46EF6-8876-4E3A-8B71-49DC3F89EA17}.Release|Any CPU.Build.0 = Release|Any CPU
	EndGlobalSection
	GlobalSection(SolutionProperties) = preSolution
		HideSolutionNode = FALSE
	EndGlobalSection
	GlobalSection(ExtensibilityGlobals) = postSolution
		SolutionGuid = {FA854AAC-721E-4024-9BC1-67729E3ACAA5}
	EndGlobalSection
EndGlobal
